
Microsoft Visual Studio Solution File, Format Version 12.00
# Visual Studio 15
VisualStudioVersion = 15.0.27703.2042
MinimumVisualStudioVersion = 10.0.40219.1
Project("{FAE04EC0-301F-11D3-BF4B-00C04F79EFBC}") = "Raspored emisija", "Raspored emisija\Raspored emisija.csproj", "{D852B9E4-5728-4227-95DC-B1692EF43B50}"
EndProject
Global
	GlobalSection(SolutionConfigurationPlatforms) = preSolution
		Debug|Any CPU = Debug|Any CPU
		Release|Any CPU = Release|Any CPU
	EndGlobalSection
	GlobalSection(ProjectConfigurationPlatforms) = postSolution
		{D852B9E4-5728-4227-95DC-B1692EF43B50}.Debug|Any CPU.ActiveCfg = Debug|Any CPU
		{D852B9E4-5728-4227-95DC-B1692EF43B50}.Debug|Any CPU.Build.0 = Debug|Any CPU
		{D852B9E4-5728-4227-95DC-B1692EF43B50}.Release|Any CPU.ActiveCfg = Release|Any CPU
		{D852B9E4-5728-4227-95DC-B1692EF43B50}.Release|Any CPU.Build.0 = Release|Any CPU
	EndGlobalSection
	GlobalSection(SolutionProperties) = preSolution
		HideSolutionNode = FALSE
	EndGlobalSection
	GlobalSection(ExtensibilityGlobals) = postSolution
		SolutionGuid = {8BACFD47-9A70-4AE8-AEF7-DC5C53DF2A91}
	EndGlobalSection
EndGlobal
